
Microsoft Visual Studio Solution File, Format Version 12.00
# Visual Studio Version 16
VisualStudioVersion = 16.0.32228.343
MinimumVisualStudioVersion = 10.0.40219.1
Project("{FAE04EC0-301F-11D3-BF4B-00C04F79EFBC}") = "ITMO.ADO.Lab1.2", "ITMO.ADO.Lab1.2\ITMO.ADO.Lab1.2.csproj", "{4C9FFD1B-0328-4E71-BEE9-BA4864E13C7A}"
EndProject
Project("{FAE04EC0-301F-11D3-BF4B-00C04F79EFBC}") = "ITMO.ADO.Lab1.3", "ITMO.ADO.Lab1.3\ITMO.ADO.Lab1.3.csproj", "{BAD9F66B-6054-4976-9CD0-18A9015BA40B}"
EndProject
Project("{FAE04EC0-301F-11D3-BF4B-00C04F79EFBC}") = "ITMO.ADO.Lab1.4", "ITMO.ADO.Lab1.4\ITMO.ADO.Lab1.4.csproj", "{89322E2A-36DB-4C02-BE8D-0A16F93F3124}"
EndProject
Project("{FAE04EC0-301F-11D3-BF4B-00C04F79EFBC}") = "ITMO.ADO.Lab1.5", "ITMO.ADO.Lab1.5\ITMO.ADO.Lab1.5.csproj", "{F617A90E-9A85-4AFA-B346-BF5FA45A8337}"
EndProject
Project("{FAE04EC0-301F-11D3-BF4B-00C04F79EFBC}") = "ITMO.ADO.Lab2.1", "ITMO.ADO.Lab2.1\ITMO.ADO.Lab2.1.csproj", "{678E5A3F-C3D3-43DE-8AAE-BC447994D52E}"
EndProject
Project("{FAE04EC0-301F-11D3-BF4B-00C04F79EFBC}") = "ITMO.ADO.Lab2.2", "ITMO.ADO.Lab2.2\ITMO.ADO.Lab2.2.csproj", "{05364FCC-1510-434B-AACD-E2DD46D9E124}"
EndProject
Project("{FAE04EC0-301F-11D3-BF4B-00C04F79EFBC}") = "ITMO.ADO.Lab2.3", "ITMO.ADO.Lab2.3\ITMO.ADO.Lab2.3.csproj", "{D962F713-18ED-43BD-B32F-C0D34E7D7DB1}"
EndProject
Project("{FAE04EC0-301F-11D3-BF4B-00C04F79EFBC}") = "ITMO.ADO.Lab4.1", "ITMO.ADO.Lab4.1\ITMO.ADO.Lab4.1.csproj", "{96C42B55-EAA5-4743-B78D-EBB26EA381E7}"
EndProject
Project("{FAE04EC0-301F-11D3-BF4B-00C04F79EFBC}") = "ITMO.ADO.Lab4.2", "ITMO.ADO.Lab4.2\ITMO.ADO.Lab4.2.csproj", "{70658664-B413-4F50-A816-5134232391F5}"
EndProject
Project("{FAE04EC0-301F-11D3-BF4B-00C04F79EFBC}") = "ITMO.ADO.Lab4.3", "ITMO.ADO.Lab4.3\ITMO.ADO.Lab4.3.csproj", "{C7987F93-D365-43C9-99D9-791902AF4CB8}"
EndProject
Project("{FAE04EC0-301F-11D3-BF4B-00C04F79EFBC}") = "ITMO.ADO.Lab4.4", "ITMO.ADO.Lab4.4\ITMO.ADO.Lab4.4.csproj", "{5D437E99-7611-4F0D-897C-D502A373DD61}"
EndProject
Project("{FAE04EC0-301F-11D3-BF4B-00C04F79EFBC}") = "ITMO.ADO.Lab4.5", "ITMO.ADO.Lab4.5\ITMO.ADO.Lab4.5.csproj", "{8C9579CC-0638-450B-ABB3-80220C59E948}"
EndProject
Project("{FAE04EC0-301F-11D3-BF4B-00C04F79EFBC}") = "ITMO.ADO.Lab4.6", "ITMO.ADO.Lab4.6\ITMO.ADO.Lab4.6.csproj", "{8A9897F1-1194-43EE-A433-A6B4855E3012}"
EndProject
Project("{FAE04EC0-301F-11D3-BF4B-00C04F79EFBC}") = "ITMO.ADO.Lab7.1", "ITMO.Lab7.1\ITMO.ADO.Lab7.1.csproj", "{3552C717-7572-4020-A88B-A40800E02128}"
EndProject
Project("{FAE04EC0-301F-11D3-BF4B-00C04F79EFBC}") = "ITMO.ADO.Lab7.2", "ITMO.ADO.Lab7.2\ITMO.ADO.Lab7.2.csproj", "{63643914-6FF2-4FBF-8B94-D2C6C4F20CBB}"
EndProject
Project("{FAE04EC0-301F-11D3-BF4B-00C04F79EFBC}") = "ITMO.ADO.Lab7.3", "ITMO.ADO.Lab7.3\ITMO.ADO.Lab7.3.csproj", "{3D6679C4-0139-4D3E-A626-DEA25B059702}"
EndProject
Project("{FAE04EC0-301F-11D3-BF4B-00C04F79EFBC}") = "ITMO.ADO.FinalTestApp", "ITMO.ADO.FinalTestApp\ITMO.ADO.FinalTestApp.csproj", "{FDB1A8C4-466B-48A9-B0DC-EA111E5C2D30}"
EndProject
Project("{FAE04EC0-301F-11D3-BF4B-00C04F79EFBC}") = "ITMO.ADO.Lab9.1", "ITMO.ADO.Lab9.1\ITMO.ADO.Lab9.1.csproj", "{A493AB8A-C0AC-4661-95BA-94AFBA548AB8}"
EndProject
Project("{FAE04EC0-301F-11D3-BF4B-00C04F79EFBC}") = "CodeFirst", "CodeFirst\CodeFirst.csproj", "{F2AC42C7-D767-4FAD-95D1-9069976EBEF5}"
EndProject
Global
	GlobalSection(SolutionConfigurationPlatforms) = preSolution
		Debug|Any CPU = Debug|Any CPU
		Release|Any CPU = Release|Any CPU
	EndGlobalSection
	GlobalSection(ProjectConfigurationPlatforms) = postSolution
		{4C9FFD1B-0328-4E71-BEE9-BA4864E13C7A}.Debug|Any CPU.ActiveCfg = Debug|Any CPU
		{4C9FFD1B-0328-4E71-BEE9-BA4864E13C7A}.Debug|Any CPU.Build.0 = Debug|Any CPU
		{4C9FFD1B-0328-4E71-BEE9-BA4864E13C7A}.Release|Any CPU.ActiveCfg = Release|Any CPU
		{4C9FFD1B-0328-4E71-BEE9-BA4864E13C7A}.Release|Any CPU.Build.0 = Release|Any CPU
		{BAD9F66B-6054-4976-9CD0-18A9015BA40B}.Debug|Any CPU.ActiveCfg = Debug|Any CPU
		{BAD9F66B-6054-4976-9CD0-18A9015BA40B}.Debug|Any CPU.Build.0 = Debug|Any CPU
		{BAD9F66B-6054-4976-9CD0-18A9015BA40B}.Release|Any CPU.ActiveCfg = Release|Any CPU
		{BAD9F66B-6054-4976-9CD0-18A9015BA40B}.Release|Any CPU.Build.0 = Release|Any CPU
		{89322E2A-36DB-4C02-BE8D-0A16F93F3124}.Debug|Any CPU.ActiveCfg = Debug|Any CPU
		{89322E2A-36DB-4C02-BE8D-0A16F93F3124}.Debug|Any CPU.Build.0 = Debug|Any CPU
		{89322E2A-36DB-4C02-BE8D-0A16F93F3124}.Release|Any CPU.ActiveCfg = Release|Any CPU
		{89322E2A-36DB-4C02-BE8D-0A16F93F3124}.Release|Any CPU.Build.0 = Release|Any CPU
		{F617A90E-9A85-4AFA-B346-BF5FA45A8337}.Debug|Any CPU.ActiveCfg = Debug|Any CPU
		{F617A90E-9A85-4AFA-B346-BF5FA45A8337}.Debug|Any CPU.Build.0 = Debug|Any CPU
		{F617A90E-9A85-4AFA-B346-BF5FA45A8337}.Release|Any CPU.ActiveCfg = Release|Any CPU
		{F617A90E-9A85-4AFA-B346-BF5FA45A8337}.Release|Any CPU.Build.0 = Release|Any CPU
		{678E5A3F-C3D3-43DE-8AAE-BC447994D52E}.Debug|Any CPU.ActiveCfg = Debug|Any CPU
		{678E5A3F-C3D3-43DE-8AAE-BC447994D52E}.Debug|Any CPU.Build.0 = Debug|Any CPU
		{678E5A3F-C3D3-43DE-8AAE-BC447994D52E}.Release|Any CPU.ActiveCfg = Release|Any CPU
		{678E5A3F-C3D3-43DE-8AAE-BC447994D52E}.Release|Any CPU.Build.0 = Release|Any CPU
		{05364FCC-1510-434B-AACD-E2DD46D9E124}.Debug|Any CPU.ActiveCfg = Debug|Any CPU
		{05364FCC-1510-434B-AACD-E2DD46D9E124}.Debug|Any CPU.Build.0 = Debug|Any CPU
		{05364FCC-1510-434B-AACD-E2DD46D9E124}.Release|Any CPU.ActiveCfg = Release|Any CPU
		{05364FCC-1510-434B-AACD-E2DD46D9E124}.Release|Any CPU.Build.0 = Release|Any CPU
		{D962F713-18ED-43BD-B32F-C0D34E7D7DB1}.Debug|Any CPU.ActiveCfg = Debug|Any CPU
		{D962F713-18ED-43BD-B32F-C0D34E7D7DB1}.Debug|Any CPU.Build.0 = Debug|Any CPU
		{D962F713-18ED-43BD-B32F-C0D34E7D7DB1}.Release|Any CPU.ActiveCfg = Release|Any CPU
		{D962F713-18ED-43BD-B32F-C0D34E7D7DB1}.Release|Any CPU.Build.0 = Release|Any CPU
		{96C42B55-EAA5-4743-B78D-EBB26EA381E7}.Debug|Any CPU.ActiveCfg = Debug|Any CPU
		{96C42B55-EAA5-4743-B78D-EBB26EA381E7}.Debug|Any CPU.Build.0 = Debug|Any CPU
		{96C42B55-EAA5-4743-B78D-EBB26EA381E7}.Release|Any CPU.ActiveCfg = Release|Any CPU
		{96C42B55-EAA5-4743-B78D-EBB26EA381E7}.Release|Any CPU.Build.0 = Release|Any CPU
		{70658664-B413-4F50-A816-5134232391F5}.Debug|Any CPU.ActiveCfg = Debug|Any CPU
		{70658664-B413-4F50-A816-5134232391F5}.Debug|Any CPU.Build.0 = Debug|Any CPU
		{70658664-B413-4F50-A816-5134232391F5}.Release|Any CPU.ActiveCfg = Release|Any CPU
		{70658664-B413-4F50-A816-5134232391F5}.Release|Any CPU.Build.0 = Release|Any CPU
		{C7987F93-D365-43C9-99D9-791902AF4CB8}.Debug|Any CPU.ActiveCfg = Debug|Any CPU
		{C7987F93-D365-43C9-99D9-791902AF4CB8}.Debug|Any CPU.Build.0 = Debug|Any CPU
		{C7987F93-D365-43C9-99D9-791902AF4CB8}.Release|Any CPU.ActiveCfg = Release|Any CPU
		{C7987F93-D365-43C9-99D9-791902AF4CB8}.Release|Any CPU.Build.0 = Release|Any CPU
		{5D437E99-7611-4F0D-897C-D502A373DD61}.Debug|Any CPU.ActiveCfg = Debug|Any CPU
		{5D437E99-7611-4F0D-897C-D502A373DD61}.Debug|Any CPU.Build.0 = Debug|Any CPU
		{5D437E99-7611-4F0D-897C-D502A373DD61}.Release|Any CPU.ActiveCfg = Release|Any CPU
		{5D437E99-7611-4F0D-897C-D502A373DD61}.Release|Any CPU.Build.0 = Release|Any CPU
		{8C9579CC-0638-450B-ABB3-80220C59E948}.Debug|Any CPU.ActiveCfg = Debug|Any CPU
		{8C9579CC-0638-450B-ABB3-80220C59E948}.Debug|Any CPU.Build.0 = Debug|Any CPU
		{8C9579CC-0638-450B-ABB3-80220C59E948}.Release|Any CPU.ActiveCfg = Release|Any CPU
		{8C9579CC-0638-450B-ABB3-80220C59E948}.Release|Any CPU.Build.0 = Release|Any CPU
		{8A9897F1-1194-43EE-A433-A6B4855E3012}.Debug|Any CPU.ActiveCfg = Debug|Any CPU
		{8A9897F1-1194-43EE-A433-A6B4855E3012}.Debug|Any CPU.Build.0 = Debug|Any CPU
		{8A9897F1-1194-43EE-A433-A6B4855E3012}.Release|Any CPU.ActiveCfg = Release|Any CPU
		{8A9897F1-1194-43EE-A433-A6B4855E3012}.Release|Any CPU.Build.0 = Release|Any CPU
		{3552C717-7572-4020-A88B-A40800E02128}.Debug|Any CPU.ActiveCfg = Debug|Any CPU
		{3552C717-7572-4020-A88B-A40800E02128}.Debug|Any CPU.Build.0 = Debug|Any CPU
		{3552C717-7572-4020-A88B-A40800E02128}.Release|Any CPU.ActiveCfg = Release|Any CPU
		{3552C717-7572-4020-A88B-A40800E02128}.Release|Any CPU.Build.0 = Release|Any CPU
		{63643914-6FF2-4FBF-8B94-D2C6C4F20CBB}.Debug|Any CPU.ActiveCfg = Debug|Any CPU
		{63643914-6FF2-4FBF-8B94-D2C6C4F20CBB}.Debug|Any CPU.Build.0 = Debug|Any CPU
		{63643914-6FF2-4FBF-8B94-D2C6C4F20CBB}.Release|Any CPU.ActiveCfg = Release|Any CPU
		{63643914-6FF2-4FBF-8B94-D2C6C4F20CBB}.Release|Any CPU.Build.0 = Release|Any CPU
		{3D6679C4-0139-4D3E-A626-DEA25B059702}.Debug|Any CPU.ActiveCfg = Debug|Any CPU
		{3D6679C4-0139-4D3E-A626-DEA25B059702}.Debug|Any CPU.Build.0 = Debug|Any CPU
		{3D6679C4-0139-4D3E-A626-DEA25B059702}.Release|Any CPU.ActiveCfg = Release|Any CPU
		{3D6679C4-0139-4D3E-A626-DEA25B059702}.Release|Any CPU.Build.0 = Release|Any CPU
		{FDB1A8C4-466B-48A9-B0DC-EA111E5C2D30}.Debug|Any CPU.ActiveCfg = Debug|Any CPU
		{FDB1A8C4-466B-48A9-B0DC-EA111E5C2D30}.Debug|Any CPU.Build.0 = Debug|Any CPU
		{FDB1A8C4-466B-48A9-B0DC-EA111E5C2D30}.Release|Any CPU.ActiveCfg = Release|Any CPU
		{FDB1A8C4-466B-48A9-B0DC-EA111E5C2D30}.Release|Any CPU.Build.0 = Release|Any CPU
		{A493AB8A-C0AC-4661-95BA-94AFBA548AB8}.Debug|Any CPU.ActiveCfg = Debug|Any CPU
		{A493AB8A-C0AC-4661-95BA-94AFBA548AB8}.Debug|Any CPU.Build.0 = Debug|Any CPU
		{A493AB8A-C0AC-4661-95BA-94AFBA548AB8}.Release|Any CPU.ActiveCfg = Release|Any CPU
		{A493AB8A-C0AC-4661-95BA-94AFBA548AB8}.Release|Any CPU.Build.0 = Release|Any CPU
		{F2AC42C7-D767-4FAD-95D1-9069976EBEF5}.Debug|Any CPU.ActiveCfg = Debug|Any CPU
		{F2AC42C7-D767-4FAD-95D1-9069976EBEF5}.Debug|Any CPU.Build.0 = Debug|Any CPU
		{F2AC42C7-D767-4FAD-95D1-9069976EBEF5}.Release|Any CPU.ActiveCfg = Release|Any CPU
		{F2AC42C7-D767-4FAD-95D1-9069976EBEF5}.Release|Any CPU.Build.0 = Release|Any CPU
	EndGlobalSection
	GlobalSection(SolutionProperties) = preSolution
		HideSolutionNode = FALSE
	EndGlobalSection
	GlobalSection(ExtensibilityGlobals) = postSolution
		SolutionGuid = {241810A1-2649-429C-962E-75653762D4E3}
	EndGlobalSection
EndGlobal
